# THIS IS AN AUTOGENERATED FILE. DO NOT EDIT THIS FILE DIRECTLY.
# yarn lockfile v1


escape-goat@^3.0.0:
  version "3.0.0"
  resolved "https://registry.yarnpkg.com/escape-goat/-/escape-goat-3.0.0.tgz#e8b5fb658553fe8a3c4959c316c6ebb8c842b19c"
  integrity sha512-w3PwNZJwRxlp47QGzhuEBldEqVHHhh8/tIPcl6ecf2Bou99cdAt0knihBV0Ecc7CGxYduXVBDheH1K2oADRlvw==

stringify-attributes@^3.0.0:
  version "3.0.0"
  resolved "https://registry.yarnpkg.com/stringify-attributes/-/stringify-attributes-3.0.0.tgz#10d8c3615924df47b70d28c848d71c8afb0a8e52"
  integrity sha512-tJKiThlLfog6ljT7ZTihlMh0iAtjKlu/ss9DMmBE5oOosbMqOMcuxc7zDfxP2lGzSb2Bwvbd3gQTqTSCmXyySw==
  dependencies:
    escape-goat "^3.0.0"
