# THIS IS AN AUTOGENERATED FILE. DO NOT EDIT THIS FILE DIRECTLY.
# yarn lockfile v1


"@sindresorhus/is@^5.3.0":
  version "5.3.0"
  resolved "https://registry.yarnpkg.com/@sindresorhus/is/-/is-5.3.0.tgz#0ec9264cf54a527671d990eb874e030b55b70dcc"
  integrity sha512-CX6t4SYQ37lzxicAqsBtxA3OseeoVrh9cSJ5PFYam0GksYlupRfy1A+Q4aYD3zvcfECLc0zO2u+ZnR2UYKvCrw==

callsites@^4.0.0:
  version "4.0.0"
  resolved "https://registry.yarnpkg.com/callsites/-/callsites-4.0.0.tgz#8014cea4fedfe681a30e2f7d2d557dd95808a92a"
  integrity sha512-y3jRROutgpKdz5vzEhWM34TidDU8vkJppF8dszITeb1PQmSqV3DTxyV8G/lyO/DNvtE1YTedehmw9MPZsCBHxQ==

dot-prop@^7.2.0:
  version "7.2.0"
  resolved "https://registry.yarnpkg.com/dot-prop/-/dot-prop-7.2.0.tgz#468172a3529779814d21a779c1ba2f6d76609809"
  integrity sha512-Ol/IPXUARn9CSbkrdV4VJo7uCy1I3VuSiWCaFSg+8BdUOzF9n3jefIpcgAydvUZbTdEBZs2vEiTiS9m61ssiDA==
  dependencies:
    type-fest "^2.11.2"

escape-goat@^3.0.0:
  version "3.0.0"
  resolved "https://registry.yarnpkg.com/escape-goat/-/escape-goat-3.0.0.tgz#e8b5fb658553fe8a3c4959c316c6ebb8c842b19c"
  integrity sha512-w3PwNZJwRxlp47QGzhuEBldEqVHHhh8/tIPcl6ecf2Bou99cdAt0knihBV0Ecc7CGxYduXVBDheH1K2oADRlvw==

html-typography-tags@*:
  version "4.0.0"
  resolved "https://registry.yarnpkg.com/html-typography-tags/-/html-typography-tags-4.0.0.tgz#5fa0cb18b08f82dd680f3531871ce0d0286e62bb"
  integrity sha512-1mLKFdh6JcNuSQyfKISIuFjgwRBkTPYG6a41w+jCfEkGc0JsvQFavj/UjyLmSTQjPF16uYTrmWooOvQP7MXhqw==
  dependencies:
    stringify-attributes "^3.0.0"

lodash.isequal@^4.5.0:
  version "4.5.0"
  resolved "https://registry.yarnpkg.com/lodash.isequal/-/lodash.isequal-4.5.0.tgz#415c4478f2bcc30120c22ce10ed3226f7d3e18e0"
  integrity sha512-pDo3lu8Jhfjqls6GkMgpahsF9kCyayhgykjyLMNFTKWrpVdAQtYyB4muAMWozBB4ig/dtWAmsMxLEI8wuz+DYQ==

nmtg-template-mailerlite-typography@*:
  version "5.0.1"
  resolved "https://registry.yarnpkg.com/nmtg-template-mailerlite-typography/-/nmtg-template-mailerlite-typography-5.0.1.tgz#01600f35c9c4804f3ddf1eab287ca91b2ae1c085"
  integrity sha512-3geomUwi4hUHaWwhabb72EkVimh8j0OJmd/bgeTTM3HBImfHoujn2UFYBIekCncJVclKwsd4eGTYMkdPuoxUiQ==
  dependencies:
    html-typography-tags "*"
    stringify-attributes "^3.0.0"

ow@^1.1.1:
  version "1.1.1"
  resolved "https://registry.yarnpkg.com/ow/-/ow-1.1.1.tgz#354a0f7df9d8d0cf961b29116daf972ef6be1632"
  integrity sha512-sJBRCbS5vh1Jp9EOgwp1Ws3c16lJrUkJYlvWTYC03oyiYVwS/ns7lKRWow4w4XjDyTrA2pplQv4B2naWSR6yDA==
  dependencies:
    "@sindresorhus/is" "^5.3.0"
    callsites "^4.0.0"
    dot-prop "^7.2.0"
    lodash.isequal "^4.5.0"
    vali-date "^1.0.0"

stringify-attributes@^3.0.0:
  version "3.0.0"
  resolved "https://registry.yarnpkg.com/stringify-attributes/-/stringify-attributes-3.0.0.tgz#10d8c3615924df47b70d28c848d71c8afb0a8e52"
  integrity sha512-tJKiThlLfog6ljT7ZTihlMh0iAtjKlu/ss9DMmBE5oOosbMqOMcuxc7zDfxP2lGzSb2Bwvbd3gQTqTSCmXyySw==
  dependencies:
    escape-goat "^3.0.0"

type-fest@^2.11.2:
  version "2.19.0"
  resolved "https://registry.yarnpkg.com/type-fest/-/type-fest-2.19.0.tgz#88068015bb33036a598b952e55e9311a60fd3a9b"
  integrity sha512-RAH822pAdBgcNMAfWnCBU3CFZcfZ/i1eZjwFU/dsLKumyuuP3niueg2UAukXYF0E2AAoc82ZSSf9J0WQBinzHA==

vali-date@^1.0.0:
  version "1.0.0"
  resolved "https://registry.yarnpkg.com/vali-date/-/vali-date-1.0.0.tgz#1b904a59609fb328ef078138420934f6b86709a6"
  integrity sha512-sgECfZthyaCKW10N0fm27cg8HYTFK5qMWgypqkXMQ4Wbl/zZKx7xZICgcoxIIE+WFAP/MBL2EFwC/YvLxw3Zeg==
